
Microsoft Visual Studio Solution File, Format Version 12.00
# Visual Studio 15
VisualStudioVersion = 15.0.28010.2041
MinimumVisualStudioVersion = 10.0.40219.1
Project("{FAE04EC0-301F-11D3-BF4B-00C04F79EFBC}") = "WebApplication3", "WebApplication3\WebApplication3.csproj", "{77B8EF7E-042C-4B50-BF55-7B2E1FB5B57D}"
EndProject
Global
	GlobalSection(SolutionConfigurationPlatforms) = preSolution
		Debug|Any CPU = Debug|Any CPU
		Release|Any CPU = Release|Any CPU
	EndGlobalSection
	GlobalSection(ProjectConfigurationPlatforms) = postSolution
		{77B8EF7E-042C-4B50-BF55-7B2E1FB5B57D}.Debug|Any CPU.ActiveCfg = Debug|Any CPU
		{77B8EF7E-042C-4B50-BF55-7B2E1FB5B57D}.Debug|Any CPU.Build.0 = Debug|Any CPU
		{77B8EF7E-042C-4B50-BF55-7B2E1FB5B57D}.Release|Any CPU.ActiveCfg = Release|Any CPU
		{77B8EF7E-042C-4B50-BF55-7B2E1FB5B57D}.Release|Any CPU.Build.0 = Release|Any CPU
	EndGlobalSection
	GlobalSection(SolutionProperties) = preSolution
		HideSolutionNode = FALSE
	EndGlobalSection
	GlobalSection(ExtensibilityGlobals) = postSolution
		SolutionGuid = {81DE67AD-4A79-4EBD-BCF4-BC6D77617F5F}
	EndGlobalSection
EndGlobal
